
Microsoft Visual Studio Solution File, Format Version 12.00
# Visual Studio Version 17
VisualStudioVersion = 17.6.33815.320
MinimumVisualStudioVersion = 10.0.40219.1
Project("{FAE04EC0-301F-11D3-BF4B-00C04F79EFBC}") = "project2", "project2.csproj", "{BA93B104-2F0C-4E09-8285-637747FF37E7}"
EndProject
Global
	GlobalSection(SolutionConfigurationPlatforms) = preSolution
		Debug|Any CPU = Debug|Any CPU
		Release|Any CPU = Release|Any CPU
	EndGlobalSection
	GlobalSection(ProjectConfigurationPlatforms) = postSolution
		{BA93B104-2F0C-4E09-8285-637747FF37E7}.Debug|Any CPU.ActiveCfg = Debug|Any CPU
		{BA93B104-2F0C-4E09-8285-637747FF37E7}.Debug|Any CPU.Build.0 = Debug|Any CPU
		{BA93B104-2F0C-4E09-8285-637747FF37E7}.Release|Any CPU.ActiveCfg = Release|Any CPU
		{BA93B104-2F0C-4E09-8285-637747FF37E7}.Release|Any CPU.Build.0 = Release|Any CPU
	EndGlobalSection
	GlobalSection(SolutionProperties) = preSolution
		HideSolutionNode = FALSE
	EndGlobalSection
	GlobalSection(ExtensibilityGlobals) = postSolution
		SolutionGuid = {1075FB09-7B1F-4B8D-A1E8-0552421EB11D}
	EndGlobalSection
EndGlobal
